
Microsoft Visual Studio Solution File, Format Version 12.00
# Visual Studio Version 16
VisualStudioVersion = 16.0.30011.22
MinimumVisualStudioVersion = 10.0.40219.1
Project("{9A19103F-16F7-4668-BE54-9A1E7A4F7556}") = "01.ESGI.DesignPattern.Introduction", "01.ESGI.DesignPattern.Introduction\01.ESGI.DesignPattern.Introduction.csproj", "{47834717-86AF-484A-8292-42AB50FF8E4B}"
EndProject
Project("{9A19103F-16F7-4668-BE54-9A1E7A4F7556}") = "02.ESGI.DesignPattern.Polymorphisme", "02.ESGI.DesignPattern.Polymorphisme\02.ESGI.DesignPattern.Polymorphisme.csproj", "{FC34C42B-9354-4584-AC57-11C0AEAA6998}"
EndProject
Project("{9A19103F-16F7-4668-BE54-9A1E7A4F7556}") = "03.ESGI.DesignPattern.Builder", "03.ESGI.DesignPattern.Builder\03.ESGI.DesignPattern.Builder.csproj", "{8CAB603A-94D7-4071-BE6A-07BA4834C17C}"
EndProject
Project("{9A19103F-16F7-4668-BE54-9A1E7A4F7556}") = "04.ESGI.DesignPattern.Factory", "04.ESGI.DesignPattern.Factory\04.ESGI.DesignPattern.Factory.csproj", "{CC130C6F-8DE1-4B91-ACFD-1FD8C8B3D1C4}"
EndProject
Project("{9A19103F-16F7-4668-BE54-9A1E7A4F7556}") = "05.ESGI.DesignPattern.Strategy", "05.ESGI.DesignPattern.Strategy\05.ESGI.DesignPattern.Strategy.csproj", "{CF31829A-5406-4C38-AA11-5511215EE8CF}"
EndProject
Global
	GlobalSection(SolutionConfigurationPlatforms) = preSolution
		Debug|Any CPU = Debug|Any CPU
		Release|Any CPU = Release|Any CPU
	EndGlobalSection
	GlobalSection(ProjectConfigurationPlatforms) = postSolution
		{47834717-86AF-484A-8292-42AB50FF8E4B}.Debug|Any CPU.ActiveCfg = Debug|Any CPU
		{47834717-86AF-484A-8292-42AB50FF8E4B}.Debug|Any CPU.Build.0 = Debug|Any CPU
		{47834717-86AF-484A-8292-42AB50FF8E4B}.Release|Any CPU.ActiveCfg = Release|Any CPU
		{47834717-86AF-484A-8292-42AB50FF8E4B}.Release|Any CPU.Build.0 = Release|Any CPU
		{FC34C42B-9354-4584-AC57-11C0AEAA6998}.Debug|Any CPU.ActiveCfg = Debug|Any CPU
		{FC34C42B-9354-4584-AC57-11C0AEAA6998}.Debug|Any CPU.Build.0 = Debug|Any CPU
		{FC34C42B-9354-4584-AC57-11C0AEAA6998}.Release|Any CPU.ActiveCfg = Release|Any CPU
		{FC34C42B-9354-4584-AC57-11C0AEAA6998}.Release|Any CPU.Build.0 = Release|Any CPU
		{8CAB603A-94D7-4071-BE6A-07BA4834C17C}.Debug|Any CPU.ActiveCfg = Debug|Any CPU
		{8CAB603A-94D7-4071-BE6A-07BA4834C17C}.Debug|Any CPU.Build.0 = Debug|Any CPU
		{8CAB603A-94D7-4071-BE6A-07BA4834C17C}.Release|Any CPU.ActiveCfg = Release|Any CPU
		{8CAB603A-94D7-4071-BE6A-07BA4834C17C}.Release|Any CPU.Build.0 = Release|Any CPU
		{CC130C6F-8DE1-4B91-ACFD-1FD8C8B3D1C4}.Debug|Any CPU.ActiveCfg = Debug|Any CPU
		{CC130C6F-8DE1-4B91-ACFD-1FD8C8B3D1C4}.Debug|Any CPU.Build.0 = Debug|Any CPU
		{CC130C6F-8DE1-4B91-ACFD-1FD8C8B3D1C4}.Release|Any CPU.ActiveCfg = Release|Any CPU
		{CC130C6F-8DE1-4B91-ACFD-1FD8C8B3D1C4}.Release|Any CPU.Build.0 = Release|Any CPU
		{CF31829A-5406-4C38-AA11-5511215EE8CF}.Debug|Any CPU.ActiveCfg = Debug|Any CPU
		{CF31829A-5406-4C38-AA11-5511215EE8CF}.Debug|Any CPU.Build.0 = Debug|Any CPU
		{CF31829A-5406-4C38-AA11-5511215EE8CF}.Release|Any CPU.ActiveCfg = Release|Any CPU
		{CF31829A-5406-4C38-AA11-5511215EE8CF}.Release|Any CPU.Build.0 = Release|Any CPU
	EndGlobalSection
	GlobalSection(SolutionProperties) = preSolution
		HideSolutionNode = FALSE
	EndGlobalSection
	GlobalSection(ExtensibilityGlobals) = postSolution
		SolutionGuid = {2AE334DB-D361-4CED-9435-6C0717C80CFC}
	EndGlobalSection
EndGlobal
